
Microsoft Visual Studio Solution File, Format Version 12.00
# Visual Studio Version 17
VisualStudioVersion = 17.14.36408.4 d17.14
MinimumVisualStudioVersion = 10.0.40219.1
Project("{FAE04EC0-301F-11D3-BF4B-00C04F79EFBC}") = "2025_09_30_maxhomerseklet", "2025_09_30_maxhomerseklet\2025_09_30_maxhomerseklet.csproj", "{BC8D6D5F-5BF1-47CF-80E3-3B387FD406BF}"
EndProject
Global
	GlobalSection(SolutionConfigurationPlatforms) = preSolution
		Debug|Any CPU = Debug|Any CPU
		Release|Any CPU = Release|Any CPU
	EndGlobalSection
	GlobalSection(ProjectConfigurationPlatforms) = postSolution
		{BC8D6D5F-5BF1-47CF-80E3-3B387FD406BF}.Debug|Any CPU.ActiveCfg = Debug|Any CPU
		{BC8D6D5F-5BF1-47CF-80E3-3B387FD406BF}.Debug|Any CPU.Build.0 = Debug|Any CPU
		{BC8D6D5F-5BF1-47CF-80E3-3B387FD406BF}.Release|Any CPU.ActiveCfg = Release|Any CPU
		{BC8D6D5F-5BF1-47CF-80E3-3B387FD406BF}.Release|Any CPU.Build.0 = Release|Any CPU
	EndGlobalSection
	GlobalSection(SolutionProperties) = preSolution
		HideSolutionNode = FALSE
	EndGlobalSection
	GlobalSection(ExtensibilityGlobals) = postSolution
		SolutionGuid = {FF6C465A-EAF6-4035-B1D9-52D1BE98B002}
	EndGlobalSection
EndGlobal
